
Microsoft Visual Studio Solution File, Format Version 12.00
# Visual Studio Version 16
VisualStudioVersion = 16.0.30225.117
MinimumVisualStudioVersion = 10.0.40219.1
Project("{FAE04EC0-301F-11D3-BF4B-00C04F79EFBC}") = "batchMaster", "batchMaster\batchMaster.csproj", "{10035788-445E-4521-A1B1-C1307FD45A10}"
EndProject
Global
	GlobalSection(SolutionConfigurationPlatforms) = preSolution
		Debug|Any CPU = Debug|Any CPU
		Release|Any CPU = Release|Any CPU
	EndGlobalSection
	GlobalSection(ProjectConfigurationPlatforms) = postSolution
		{10035788-445E-4521-A1B1-C1307FD45A10}.Debug|Any CPU.ActiveCfg = Debug|Any CPU
		{10035788-445E-4521-A1B1-C1307FD45A10}.Debug|Any CPU.Build.0 = Debug|Any CPU
		{10035788-445E-4521-A1B1-C1307FD45A10}.Release|Any CPU.ActiveCfg = Release|Any CPU
		{10035788-445E-4521-A1B1-C1307FD45A10}.Release|Any CPU.Build.0 = Release|Any CPU
	EndGlobalSection
	GlobalSection(SolutionProperties) = preSolution
		HideSolutionNode = FALSE
	EndGlobalSection
	GlobalSection(ExtensibilityGlobals) = postSolution
		SolutionGuid = {A7DEB49A-CD4D-446A-92A3-55FFBFBC7184}
	EndGlobalSection
EndGlobal
